{
    "_readme": [
        "This file locks the dependencies of your project to a known state",
        "Read more about it at https://getcomposer.org/doc/01-basic-usage.md#installing-dependencies",
        "This file is @generated automatically"
    ],
    "content-hash": "c1467a0071d5d56d63fdc40f0b72639b",
    "packages": [
        {
            "name": "hisamu/php-xbase",
            "version": "1.3.3",
            "source": {
                "type": "git",
                "url": "https://github.com/luads/php-xbase.git",
                "reference": "8e39e257a84a67ffcbe4ea0e3d20f5b85be6319d"
            },
            "dist": {
                "type": "zip",
                "url": "https://api.github.com/repos/luads/php-xbase/zipball/8e39e257a84a67ffcbe4ea0e3d20f5b85be6319d",
                "reference": "8e39e257a84a67ffcbe4ea0e3d20f5b85be6319d",
                "shasum": ""
            },
            "require": {
                "ext-iconv": "*",
                "php": ">=7.1"
            },
            "require-dev": {
                "php-coveralls/php-coveralls": "^2.2",
                "phpunit/phpunit": "^7.0||^8.0||^9.0"
            },
            "type": "library",
            "extra": {
                "branch-alias": {
                    "dev-master": "1.3.x-dev"
                }
            },
            "autoload": {
                "psr-4": {
                    "XBase\\": "src/XBase"
                }
            },
            "notification-url": "https://packagist.org/downloads/",
            "license": [
                "MIT"
            ],
            "authors": [
                {
                    "name": "Luã de Souza",
                    "email": "lsouza@codeinc.com.br"
                },
                {
                    "name": "Erwin Kooi",
                    "email": "info@cyane.nl"
                }
            ],
            "description": "A simple parser for *.dbf, *.fpt files using PHP",
            "homepage": "https://github.com/luads/php-xbase",
            "keywords": [
                "dbase",
                "dbf",
                "foxpro"
            ],
            "time": "2020-12-10T09:42:37+00:00"
        }
    ],
    "packages-dev": [],
    "aliases": [],
    "minimum-stability": "stable",
    "stability-flags": [],
    "prefer-stable": false,
    "prefer-lowest": false,
    "platform": [],
    "platform-dev": [],
    "plugin-api-version": "1.1.0"
}
